
Microsoft Visual Studio Solution File, Format Version 12.00
# Visual Studio 15
VisualStudioVersion = 15.0.28307.1169
MinimumVisualStudioVersion = 10.0.40219.1
Project("{FAE04EC0-301F-11D3-BF4B-00C04F79EFBC}") = "Kyobo_Msg_Server", "Kyobo_Msg\Kyobo_Msg_Server.csproj", "{B0B0C0E9-ADE7-44DC-8A94-871FA5A3A02B}"
EndProject
Project("{2150E333-8FDC-42A3-9474-1A3956D46DE8}") = "Solutions", "Solutions", "{BE19016B-4EB2-42A5-9178-125D40B45B53}"
EndProject
Project("{FAE04EC0-301F-11D3-BF4B-00C04F79EFBC}") = "DSDO.COMMON.UTIL", "DSDO.COMMON.UTIL\DSDO.COMMON.UTIL.csproj", "{B0EB98B8-FC2B-4105-A818-DBA6FA4E8B00}"
EndProject
Project("{FAE04EC0-301F-11D3-BF4B-00C04F79EFBC}") = "DSDO.COMMON.LIBRARY", "DSDO.COMMON.LIBRARY\DSDO.COMMON.LIBRARY.csproj", "{58E2E93C-A5C8-4266-8DF2-9C53226E7D3A}"
EndProject
Project("{FAE04EC0-301F-11D3-BF4B-00C04F79EFBC}") = "Kyobo_Msg_Client", "Kyobo_msg_Client\Kyobo_Msg_Client.csproj", "{51F8F96A-6B68-462C-A423-77FBFED1C1C4}"
EndProject
Project("{54435603-DBB4-11D2-8724-00A0C9A8B90C}") = "Kyobo_Msg_Server_Setup", "Kyobo_Msg_Server_Setup\Kyobo_Msg_Server_Setup.vdproj", "{754F9FF3-8C79-437B-B5DE-39E87DF84566}"
EndProject
Project("{54435603-DBB4-11D2-8724-00A0C9A8B90C}") = "Kyobo_Msg_Client_Setup", "Kyobo_Msg_Client_Setup\Kyobo_Msg_Client_Setup.vdproj", "{5E3CDC54-55F8-4CB0-8EE8-DC4396A0F560}"
EndProject
Project("{FAE04EC0-301F-11D3-BF4B-00C04F79EFBC}") = "KSM.DAO", "KSM.DAO\KSM.DAO.csproj", "{8E0BE494-4A5E-4069-8999-BBCFD8FE575C}"
EndProject
Global
	GlobalSection(SolutionConfigurationPlatforms) = preSolution
		Debug|Any CPU = Debug|Any CPU
		Debug|x64 = Debug|x64
		Debug|x86 = Debug|x86
		Release|Any CPU = Release|Any CPU
		Release|x64 = Release|x64
		Release|x86 = Release|x86
	EndGlobalSection
	GlobalSection(ProjectConfigurationPlatforms) = postSolution
		{B0B0C0E9-ADE7-44DC-8A94-871FA5A3A02B}.Debug|Any CPU.ActiveCfg = Debug|Any CPU
		{B0B0C0E9-ADE7-44DC-8A94-871FA5A3A02B}.Debug|Any CPU.Build.0 = Debug|Any CPU
		{B0B0C0E9-ADE7-44DC-8A94-871FA5A3A02B}.Debug|x64.ActiveCfg = Debug|Any CPU
		{B0B0C0E9-ADE7-44DC-8A94-871FA5A3A02B}.Debug|x64.Build.0 = Debug|Any CPU
		{B0B0C0E9-ADE7-44DC-8A94-871FA5A3A02B}.Debug|x86.ActiveCfg = Debug|Any CPU
		{B0B0C0E9-ADE7-44DC-8A94-871FA5A3A02B}.Debug|x86.Build.0 = Debug|Any CPU
		{B0B0C0E9-ADE7-44DC-8A94-871FA5A3A02B}.Release|Any CPU.ActiveCfg = Release|Any CPU
		{B0B0C0E9-ADE7-44DC-8A94-871FA5A3A02B}.Release|Any CPU.Build.0 = Release|Any CPU
		{B0B0C0E9-ADE7-44DC-8A94-871FA5A3A02B}.Release|x64.ActiveCfg = Release|Any CPU
		{B0B0C0E9-ADE7-44DC-8A94-871FA5A3A02B}.Release|x64.Build.0 = Release|Any CPU
		{B0B0C0E9-ADE7-44DC-8A94-871FA5A3A02B}.Release|x86.ActiveCfg = Release|Any CPU
		{B0B0C0E9-ADE7-44DC-8A94-871FA5A3A02B}.Release|x86.Build.0 = Release|Any CPU
		{B0EB98B8-FC2B-4105-A818-DBA6FA4E8B00}.Debug|Any CPU.ActiveCfg = Debug|Any CPU
		{B0EB98B8-FC2B-4105-A818-DBA6FA4E8B00}.Debug|Any CPU.Build.0 = Debug|Any CPU
		{B0EB98B8-FC2B-4105-A818-DBA6FA4E8B00}.Debug|x64.ActiveCfg = Debug|Any CPU
		{B0EB98B8-FC2B-4105-A818-DBA6FA4E8B00}.Debug|x64.Build.0 = Debug|Any CPU
		{B0EB98B8-FC2B-4105-A818-DBA6FA4E8B00}.Debug|x86.ActiveCfg = Debug|Any CPU
		{B0EB98B8-FC2B-4105-A818-DBA6FA4E8B00}.Debug|x86.Build.0 = Debug|Any CPU
		{B0EB98B8-FC2B-4105-A818-DBA6FA4E8B00}.Release|Any CPU.ActiveCfg = Release|Any CPU
		{B0EB98B8-FC2B-4105-A818-DBA6FA4E8B00}.Release|Any CPU.Build.0 = Release|Any CPU
		{B0EB98B8-FC2B-4105-A818-DBA6FA4E8B00}.Release|x64.ActiveCfg = Release|Any CPU
		{B0EB98B8-FC2B-4105-A818-DBA6FA4E8B00}.Release|x64.Build.0 = Release|Any CPU
		{B0EB98B8-FC2B-4105-A818-DBA6FA4E8B00}.Release|x86.ActiveCfg = Release|Any CPU
		{B0EB98B8-FC2B-4105-A818-DBA6FA4E8B00}.Release|x86.Build.0 = Release|Any CPU
		{58E2E93C-A5C8-4266-8DF2-9C53226E7D3A}.Debug|Any CPU.ActiveCfg = Debug|Any CPU
		{58E2E93C-A5C8-4266-8DF2-9C53226E7D3A}.Debug|Any CPU.Build.0 = Debug|Any CPU
		{58E2E93C-A5C8-4266-8DF2-9C53226E7D3A}.Debug|x64.ActiveCfg = Debug|Any CPU
		{58E2E93C-A5C8-4266-8DF2-9C53226E7D3A}.Debug|x64.Build.0 = Debug|Any CPU
		{58E2E93C-A5C8-4266-8DF2-9C53226E7D3A}.Debug|x86.ActiveCfg = Debug|Any CPU
		{58E2E93C-A5C8-4266-8DF2-9C53226E7D3A}.Debug|x86.Build.0 = Debug|Any CPU
		{58E2E93C-A5C8-4266-8DF2-9C53226E7D3A}.Release|Any CPU.ActiveCfg = Release|Any CPU
		{58E2E93C-A5C8-4266-8DF2-9C53226E7D3A}.Release|Any CPU.Build.0 = Release|Any CPU
		{58E2E93C-A5C8-4266-8DF2-9C53226E7D3A}.Release|x64.ActiveCfg = Release|Any CPU
		{58E2E93C-A5C8-4266-8DF2-9C53226E7D3A}.Release|x64.Build.0 = Release|Any CPU
		{58E2E93C-A5C8-4266-8DF2-9C53226E7D3A}.Release|x86.ActiveCfg = Release|Any CPU
		{58E2E93C-A5C8-4266-8DF2-9C53226E7D3A}.Release|x86.Build.0 = Release|Any CPU
		{51F8F96A-6B68-462C-A423-77FBFED1C1C4}.Debug|Any CPU.ActiveCfg = Debug|Any CPU
		{51F8F96A-6B68-462C-A423-77FBFED1C1C4}.Debug|Any CPU.Build.0 = Debug|Any CPU
		{51F8F96A-6B68-462C-A423-77FBFED1C1C4}.Debug|x64.ActiveCfg = Debug|Any CPU
		{51F8F96A-6B68-462C-A423-77FBFED1C1C4}.Debug|x64.Build.0 = Debug|Any CPU
		{51F8F96A-6B68-462C-A423-77FBFED1C1C4}.Debug|x86.ActiveCfg = Debug|Any CPU
		{51F8F96A-6B68-462C-A423-77FBFED1C1C4}.Debug|x86.Build.0 = Debug|Any CPU
		{51F8F96A-6B68-462C-A423-77FBFED1C1C4}.Release|Any CPU.ActiveCfg = Release|Any CPU
		{51F8F96A-6B68-462C-A423-77FBFED1C1C4}.Release|Any CPU.Build.0 = Release|Any CPU
		{51F8F96A-6B68-462C-A423-77FBFED1C1C4}.Release|x64.ActiveCfg = Release|Any CPU
		{51F8F96A-6B68-462C-A423-77FBFED1C1C4}.Release|x64.Build.0 = Release|Any CPU
		{51F8F96A-6B68-462C-A423-77FBFED1C1C4}.Release|x86.ActiveCfg = Release|Any CPU
		{51F8F96A-6B68-462C-A423-77FBFED1C1C4}.Release|x86.Build.0 = Release|Any CPU
		{754F9FF3-8C79-437B-B5DE-39E87DF84566}.Debug|Any CPU.ActiveCfg = Debug
		{754F9FF3-8C79-437B-B5DE-39E87DF84566}.Debug|x64.ActiveCfg = Debug
		{754F9FF3-8C79-437B-B5DE-39E87DF84566}.Debug|x86.ActiveCfg = Debug
		{754F9FF3-8C79-437B-B5DE-39E87DF84566}.Release|Any CPU.ActiveCfg = Release
		{754F9FF3-8C79-437B-B5DE-39E87DF84566}.Release|x64.ActiveCfg = Release
		{754F9FF3-8C79-437B-B5DE-39E87DF84566}.Release|x86.ActiveCfg = Release
		{5E3CDC54-55F8-4CB0-8EE8-DC4396A0F560}.Debug|Any CPU.ActiveCfg = Debug
		{5E3CDC54-55F8-4CB0-8EE8-DC4396A0F560}.Debug|x64.ActiveCfg = Debug
		{5E3CDC54-55F8-4CB0-8EE8-DC4396A0F560}.Debug|x86.ActiveCfg = Debug
		{5E3CDC54-55F8-4CB0-8EE8-DC4396A0F560}.Release|Any CPU.ActiveCfg = Release
		{5E3CDC54-55F8-4CB0-8EE8-DC4396A0F560}.Release|x64.ActiveCfg = Release
		{5E3CDC54-55F8-4CB0-8EE8-DC4396A0F560}.Release|x86.ActiveCfg = Release
		{8E0BE494-4A5E-4069-8999-BBCFD8FE575C}.Debug|Any CPU.ActiveCfg = Debug|Any CPU
		{8E0BE494-4A5E-4069-8999-BBCFD8FE575C}.Debug|Any CPU.Build.0 = Debug|Any CPU
		{8E0BE494-4A5E-4069-8999-BBCFD8FE575C}.Debug|x64.ActiveCfg = Debug|Any CPU
		{8E0BE494-4A5E-4069-8999-BBCFD8FE575C}.Debug|x64.Build.0 = Debug|Any CPU
		{8E0BE494-4A5E-4069-8999-BBCFD8FE575C}.Debug|x86.ActiveCfg = Debug|Any CPU
		{8E0BE494-4A5E-4069-8999-BBCFD8FE575C}.Debug|x86.Build.0 = Debug|Any CPU
		{8E0BE494-4A5E-4069-8999-BBCFD8FE575C}.Release|Any CPU.ActiveCfg = Release|Any CPU
		{8E0BE494-4A5E-4069-8999-BBCFD8FE575C}.Release|Any CPU.Build.0 = Release|Any CPU
		{8E0BE494-4A5E-4069-8999-BBCFD8FE575C}.Release|x64.ActiveCfg = Release|Any CPU
		{8E0BE494-4A5E-4069-8999-BBCFD8FE575C}.Release|x64.Build.0 = Release|Any CPU
		{8E0BE494-4A5E-4069-8999-BBCFD8FE575C}.Release|x86.ActiveCfg = Release|Any CPU
		{8E0BE494-4A5E-4069-8999-BBCFD8FE575C}.Release|x86.Build.0 = Release|Any CPU
	EndGlobalSection
	GlobalSection(SolutionProperties) = preSolution
		HideSolutionNode = FALSE
	EndGlobalSection
	GlobalSection(NestedProjects) = preSolution
		{B0B0C0E9-ADE7-44DC-8A94-871FA5A3A02B} = {BE19016B-4EB2-42A5-9178-125D40B45B53}
		{B0EB98B8-FC2B-4105-A818-DBA6FA4E8B00} = {BE19016B-4EB2-42A5-9178-125D40B45B53}
		{58E2E93C-A5C8-4266-8DF2-9C53226E7D3A} = {BE19016B-4EB2-42A5-9178-125D40B45B53}
		{51F8F96A-6B68-462C-A423-77FBFED1C1C4} = {BE19016B-4EB2-42A5-9178-125D40B45B53}
		{754F9FF3-8C79-437B-B5DE-39E87DF84566} = {BE19016B-4EB2-42A5-9178-125D40B45B53}
		{5E3CDC54-55F8-4CB0-8EE8-DC4396A0F560} = {BE19016B-4EB2-42A5-9178-125D40B45B53}
		{8E0BE494-4A5E-4069-8999-BBCFD8FE575C} = {BE19016B-4EB2-42A5-9178-125D40B45B53}
	EndGlobalSection
	GlobalSection(ExtensibilityGlobals) = postSolution
		SolutionGuid = {CDA7E42A-9DAD-49F1-AA54-9D71C1DFAA00}
	EndGlobalSection
EndGlobal
